
Microsoft Visual Studio Solution File, Format Version 12.00
# Visual Studio Version 16
VisualStudioVersion = 16.0.29609.76
MinimumVisualStudioVersion = 10.0.40219.1
Project("{9A19103F-16F7-4668-BE54-9A1E7A4F7556}") = "VisualProjectDependencies", "VisualProjectDependencies\VisualProjectDependencies.csproj", "{AD3BF9D4-72BB-4F4C-A1B5-AD7CA42A6F2F}"
EndProject
Project("{FAE04EC0-301F-11D3-BF4B-00C04F79EFBC}") = "VisualProjectDependencies.Tests", "VisualProjectDependencies.Tests\VisualProjectDependencies.Tests.csproj", "{FF2AC77B-A36B-4E76-A4FA-F06B651C2F24}"
EndProject
Global
	GlobalSection(SolutionConfigurationPlatforms) = preSolution
		Debug|Any CPU = Debug|Any CPU
		Release|Any CPU = Release|Any CPU
	EndGlobalSection
	GlobalSection(ProjectConfigurationPlatforms) = postSolution
		{AD3BF9D4-72BB-4F4C-A1B5-AD7CA42A6F2F}.Debug|Any CPU.ActiveCfg = Debug|Any CPU
		{AD3BF9D4-72BB-4F4C-A1B5-AD7CA42A6F2F}.Debug|Any CPU.Build.0 = Debug|Any CPU
		{AD3BF9D4-72BB-4F4C-A1B5-AD7CA42A6F2F}.Release|Any CPU.ActiveCfg = Release|Any CPU
		{AD3BF9D4-72BB-4F4C-A1B5-AD7CA42A6F2F}.Release|Any CPU.Build.0 = Release|Any CPU
		{FF2AC77B-A36B-4E76-A4FA-F06B651C2F24}.Debug|Any CPU.ActiveCfg = Debug|Any CPU
		{FF2AC77B-A36B-4E76-A4FA-F06B651C2F24}.Debug|Any CPU.Build.0 = Debug|Any CPU
		{FF2AC77B-A36B-4E76-A4FA-F06B651C2F24}.Release|Any CPU.ActiveCfg = Release|Any CPU
		{FF2AC77B-A36B-4E76-A4FA-F06B651C2F24}.Release|Any CPU.Build.0 = Release|Any CPU
	EndGlobalSection
	GlobalSection(SolutionProperties) = preSolution
		HideSolutionNode = FALSE
	EndGlobalSection
	GlobalSection(ExtensibilityGlobals) = postSolution
		SolutionGuid = {6BE520EC-102F-43E1-B4D6-EF6F7BA86337}
	EndGlobalSection
EndGlobal
